// !$*UTF8*$!
{
	archiveVersion = 1;
	classes = {
	};
	objectVersion = 55;
	objects = {

/* Begin PBXBuildFile section */
		532FB7CE2895D7E1009E7DFB /* Alerts.swift in Sources */ = {isa = PBXBuildFile; fileRef = 532FB7CD2895D7E1009E7DFB /* Alerts.swift */; };
		532FB7D0289621DC009E7DFB /* WinLoseDrawConditions.swift in Sources */ = {isa = PBXBuildFile; fileRef = 532FB7CF289621DC009E7DFB /* WinLoseDrawConditions.swift */; };
		532FB7D228962473009E7DFB /* ComputerMoves.swift in Sources */ = {isa = PBXBuildFile; fileRef = 532FB7D128962473009E7DFB /* ComputerMoves.swift */; };
		532FB7E228978BDC009E7DFB /* MainMenuView.swift in Sources */ = {isa = PBXBuildFile; fileRef = 532FB7E128978BDC009E7DFB /* MainMenuView.swift */; };
		532FB7EC2897AE77009E7DFB /* OnePlayerOptionsView.swift in Sources */ = {isa = PBXBuildFile; fileRef = 532FB7EB2897AE76009E7DFB /* OnePlayerOptionsView.swift */; };
		532FB7EE2897B08C009E7DFB /* Setup.swift in Sources */ = {isa = PBXBuildFile; fileRef = 532FB7ED2897B08C009E7DFB /* Setup.swift */; };
		532FB7F4289A16E1009E7DFB /* GameScreen.swift in Sources */ = {isa = PBXBuildFile; fileRef = 532FB7F3289A16E1009E7DFB /* GameScreen.swift */; };
		532FB7FA289B71FE009E7DFB /* AnimatedCircleView.swift in Sources */ = {isa = PBXBuildFile; fileRef = 532FB7F9289B71FE009E7DFB /* AnimatedCircleView.swift */; };
		532FB7FC289B7923009E7DFB /* AnimatedXmarkView.swift in Sources */ = {isa = PBXBuildFile; fileRef = 532FB7FB289B7923009E7DFB /* AnimatedXmarkView.swift */; };
		532FB801289BC124009E7DFB /* moo.mp3 in Resources */ = {isa = PBXBuildFile; fileRef = 532FB800289BC124009E7DFB /* moo.mp3 */; };
		532FB803289C447C009E7DFB /* pop.mp3 in Resources */ = {isa = PBXBuildFile; fileRef = 532FB802289C447C009E7DFB /* pop.mp3 */; };
		532FB805289C7FFE009E7DFB /* win.mp3 in Resources */ = {isa = PBXBuildFile; fileRef = 532FB804289C7FFE009E7DFB /* win.mp3 */; };
		53601D93289E1CDD00141B50 /* HorizontalWin.swift in Sources */ = {isa = PBXBuildFile; fileRef = 53601D92289E1CDD00141B50 /* HorizontalWin.swift */; };
		53601D99289E217300141B50 /* LeftDiagonalWin.swift in Sources */ = {isa = PBXBuildFile; fileRef = 53601D98289E217300141B50 /* LeftDiagonalWin.swift */; };
		53601D9B289E217D00141B50 /* RightDiagonalWin.swift in Sources */ = {isa = PBXBuildFile; fileRef = 53601D9A289E217D00141B50 /* RightDiagonalWin.swift */; };
		53601D9D289E26B900141B50 /* VerticalWin.swift in Sources */ = {isa = PBXBuildFile; fileRef = 53601D9C289E26B900141B50 /* VerticalWin.swift */; };
		53601DA7289F370800141B50 /* TwoPlayerOptionsView.swift in Sources */ = {isa = PBXBuildFile; fileRef = 53601DA6289F370800141B50 /* TwoPlayerOptionsView.swift */; };
		5382000028B2C696000EA0E9 /* ColorSelectorView.swift in Sources */ = {isa = PBXBuildFile; fileRef = 5382FFFF28B2C696000EA0E9 /* ColorSelectorView.swift */; };
		5382000228B31543000EA0E9 /* TwoPlayerOptionsViewModel.swift in Sources */ = {isa = PBXBuildFile; fileRef = 5382000128B31543000EA0E9 /* TwoPlayerOptionsViewModel.swift */; };
		5382000A28B415B4000EA0E9 /* ColorSelectorView2.swift in Sources */ = {isa = PBXBuildFile; fileRef = 5382000928B415B4000EA0E9 /* ColorSelectorView2.swift */; };
		5382FFFC28B18AE6000EA0E9 /* MainMenuViewModel.swift in Sources */ = {isa = PBXBuildFile; fileRef = 5382FFFB28B18AE6000EA0E9 /* MainMenuViewModel.swift */; };
		5382FFFE28B29968000EA0E9 /* OnePlayerOptionsViewModel.swift in Sources */ = {isa = PBXBuildFile; fileRef = 5382FFFD28B29968000EA0E9 /* OnePlayerOptionsViewModel.swift */; };
		53A4C52D2895BC7E00499BB8 /* tictactoeApp.swift in Sources */ = {isa = PBXBuildFile; fileRef = 53A4C52C2895BC7E00499BB8 /* tictactoeApp.swift */; };
		53A4C5312895BC8000499BB8 /* Assets.xcassets in Resources */ = {isa = PBXBuildFile; fileRef = 53A4C5302895BC8000499BB8 /* Assets.xcassets */; };
		53A4C5342895BC8000499BB8 /* Preview Assets.xcassets in Resources */ = {isa = PBXBuildFile; fileRef = 53A4C5332895BC8000499BB8 /* Preview Assets.xcassets */; };
		53C87CEC28A0519900FC5D40 /* GAMERIA.ttf in Resources */ = {isa = PBXBuildFile; fileRef = 53C87CEB28A0519900FC5D40 /* GAMERIA.ttf */; };
		53C87CEF28A0664500FC5D40 /* Castle-Rock.ttf in Resources */ = {isa = PBXBuildFile; fileRef = 53C87CEE28A0664500FC5D40 /* Castle-Rock.ttf */; };
		53E27971289D962D009A538D /* AVKit.framework in Frameworks */ = {isa = PBXBuildFile; fileRef = 53E27970289D962D009A538D /* AVKit.framework */; };
		53E27973289D9DB1009A538D /* circle.mp3 in Resources */ = {isa = PBXBuildFile; fileRef = 53E27972289D9DB1009A538D /* circle.mp3 */; };
		53E27975289D9F26009A538D /* xmark.mp3 in Resources */ = {isa = PBXBuildFile; fileRef = 53E27974289D9F26009A538D /* xmark.mp3 */; };
		53E27977289DABE0009A538D /* BackgroundMusic.swift in Sources */ = {isa = PBXBuildFile; fileRef = 53E27976289DABE0009A538D /* BackgroundMusic.swift */; };
		53E27979289DADD9009A538D /* lose.mp3 in Resources */ = {isa = PBXBuildFile; fileRef = 53E27978289DADD9009A538D /* lose.mp3 */; };
		53E2797B289DC0DF009A538D /* tie1.mp3 in Resources */ = {isa = PBXBuildFile; fileRef = 53E2797A289DC0DF009A538D /* tie1.mp3 */; };
		53E2797D289DC1BF009A538D /* tie.mp3 in Resources */ = {isa = PBXBuildFile; fileRef = 53E2797C289DC1BF009A538D /* tie.mp3 */; };
		53E2797F289DC376009A538D /* background.mp3 in Resources */ = {isa = PBXBuildFile; fileRef = 53E2797E289DC376009A538D /* background.mp3 */; };
/* End PBXBuildFile section */

/* Begin PBXFileReference section */
		532FB7CD2895D7E1009E7DFB /* Alerts.swift */ = {isa = PBXFileReference; lastKnownFileType = sourcecode.swift; path = Alerts.swift; sourceTree = "<group>"; };
		532FB7CF289621DC009E7DFB /* WinLoseDrawConditions.swift */ = {isa = PBXFileReference; lastKnownFileType = sourcecode.swift; path = WinLoseDrawConditions.swift; sourceTree = "<group>"; };
		532FB7D128962473009E7DFB /* ComputerMoves.swift */ = {isa = PBXFileReference; lastKnownFileType = sourcecode.swift; path = ComputerMoves.swift; sourceTree = "<group>"; };
		532FB7E128978BDC009E7DFB /* MainMenuView.swift */ = {isa = PBXFileReference; lastKnownFileType = sourcecode.swift; path = MainMenuView.swift; sourceTree = "<group>"; };
		532FB7EB2897AE76009E7DFB /* OnePlayerOptionsView.swift */ = {isa = PBXFileReference; lastKnownFileType = sourcecode.swift; path = OnePlayerOptionsView.swift; sourceTree = "<group>"; };
		532FB7ED2897B08C009E7DFB /* Setup.swift */ = {isa = PBXFileReference; lastKnownFileType = sourcecode.swift; path = Setup.swift; sourceTree = "<group>"; };
		532FB7F3289A16E1009E7DFB /* GameScreen.swift */ = {isa = PBXFileReference; lastKnownFileType = sourcecode.swift; path = GameScreen.swift; sourceTree = "<group>"; };
		532FB7F9289B71FE009E7DFB /* AnimatedCircleView.swift */ = {isa = PBXFileReference; lastKnownFileType = sourcecode.swift; path = AnimatedCircleView.swift; sourceTree = "<group>"; };
		532FB7FB289B7923009E7DFB /* AnimatedXmarkView.swift */ = {isa = PBXFileReference; lastKnownFileType = sourcecode.swift; path = AnimatedXmarkView.swift; sourceTree = "<group>"; };
		532FB800289BC124009E7DFB /* moo.mp3 */ = {isa = PBXFileReference; lastKnownFileType = audio.mp3; path = moo.mp3; sourceTree = "<group>"; };
		532FB802289C447C009E7DFB /* pop.mp3 */ = {isa = PBXFileReference; lastKnownFileType = audio.mp3; path = pop.mp3; sourceTree = "<group>"; };
		532FB804289C7FFE009E7DFB /* win.mp3 */ = {isa = PBXFileReference; lastKnownFileType = audio.mp3; path = win.mp3; sourceTree = "<group>"; };
		53601D92289E1CDD00141B50 /* HorizontalWin.swift */ = {isa = PBXFileReference; lastKnownFileType = sourcecode.swift; path = HorizontalWin.swift; sourceTree = "<group>"; };
		53601D98289E217300141B50 /* LeftDiagonalWin.swift */ = {isa = PBXFileReference; lastKnownFileType = sourcecode.swift; path = LeftDiagonalWin.swift; sourceTree = "<group>"; };
		53601D9A289E217D00141B50 /* RightDiagonalWin.swift */ = {isa = PBXFileReference; lastKnownFileType = sourcecode.swift; path = RightDiagonalWin.swift; sourceTree = "<group>"; };
		53601D9C289E26B900141B50 /* VerticalWin.swift */ = {isa = PBXFileReference; lastKnownFileType = sourcecode.swift; path = VerticalWin.swift; sourceTree = "<group>"; };
		53601DA6289F370800141B50 /* TwoPlayerOptionsView.swift */ = {isa = PBXFileReference; lastKnownFileType = sourcecode.swift; path = TwoPlayerOptionsView.swift; sourceTree = "<group>"; };
		5382000128B31543000EA0E9 /* TwoPlayerOptionsViewModel.swift */ = {isa = PBXFileReference; lastKnownFileType = sourcecode.swift; path = TwoPlayerOptionsViewModel.swift; sourceTree = "<group>"; };
		5382000928B415B4000EA0E9 /* ColorSelectorView2.swift */ = {isa = PBXFileReference; lastKnownFileType = sourcecode.swift; path = ColorSelectorView2.swift; sourceTree = "<group>"; };
		5382FFFB28B18AE6000EA0E9 /* MainMenuViewModel.swift */ = {isa = PBXFileReference; lastKnownFileType = sourcecode.swift; path = MainMenuViewModel.swift; sourceTree = "<group>"; };
		5382FFFD28B29968000EA0E9 /* OnePlayerOptionsViewModel.swift */ = {isa = PBXFileReference; lastKnownFileType = sourcecode.swift; path = OnePlayerOptionsViewModel.swift; sourceTree = "<group>"; };
		5382FFFF28B2C696000EA0E9 /* ColorSelectorView.swift */ = {isa = PBXFileReference; lastKnownFileType = sourcecode.swift; path = ColorSelectorView.swift; sourceTree = "<group>"; };
		53A4C5292895BC7E00499BB8 /* tictactoe.app */ = {isa = PBXFileReference; explicitFileType = wrapper.application; includeInIndex = 0; path = tictactoe.app; sourceTree = BUILT_PRODUCTS_DIR; };
		53A4C52C2895BC7E00499BB8 /* tictactoeApp.swift */ = {isa = PBXFileReference; lastKnownFileType = sourcecode.swift; path = tictactoeApp.swift; sourceTree = "<group>"; };
		53A4C5302895BC8000499BB8 /* Assets.xcassets */ = {isa = PBXFileReference; lastKnownFileType = folder.assetcatalog; path = Assets.xcassets; sourceTree = "<group>"; };
		53A4C5332895BC8000499BB8 /* Preview Assets.xcassets */ = {isa = PBXFileReference; lastKnownFileType = folder.assetcatalog; path = "Preview Assets.xcassets"; sourceTree = "<group>"; };
		53C87CEB28A0519900FC5D40 /* GAMERIA.ttf */ = {isa = PBXFileReference; lastKnownFileType = file; path = GAMERIA.ttf; sourceTree = "<group>"; };
		53C87CED28A0554B00FC5D40 /* Info.plist */ = {isa = PBXFileReference; lastKnownFileType = text.plist.xml; path = Info.plist; sourceTree = "<group>"; };
		53C87CEE28A0664500FC5D40 /* Castle-Rock.ttf */ = {isa = PBXFileReference; lastKnownFileType = file; path = "Castle-Rock.ttf"; sourceTree = "<group>"; };
		53E27970289D962D009A538D /* AVKit.framework */ = {isa = PBXFileReference; lastKnownFileType = wrapper.framework; name = AVKit.framework; path = System/Library/Frameworks/AVKit.framework; sourceTree = SDKROOT; };
		53E27972289D9DB1009A538D /* circle.mp3 */ = {isa = PBXFileReference; lastKnownFileType = audio.mp3; path = circle.mp3; sourceTree = "<group>"; };
		53E27974289D9F26009A538D /* xmark.mp3 */ = {isa = PBXFileReference; lastKnownFileType = audio.mp3; path = xmark.mp3; sourceTree = "<group>"; };
		53E27976289DABE0009A538D /* BackgroundMusic.swift */ = {isa = PBXFileReference; lastKnownFileType = sourcecode.swift; path = BackgroundMusic.swift; sourceTree = "<group>"; };
		53E27978289DADD9009A538D /* lose.mp3 */ = {isa = PBXFileReference; lastKnownFileType = audio.mp3; path = lose.mp3; sourceTree = "<group>"; };
		53E2797A289DC0DF009A538D /* tie1.mp3 */ = {isa = PBXFileReference; lastKnownFileType = audio.mp3; path = tie1.mp3; sourceTree = "<group>"; };
		53E2797C289DC1BF009A538D /* tie.mp3 */ = {isa = PBXFileReference; lastKnownFileType = audio.mp3; path = tie.mp3; sourceTree = "<group>"; };
		53E2797E289DC376009A538D /* background.mp3 */ = {isa = PBXFileReference; lastKnownFileType = audio.mp3; path = background.mp3; sourceTree = "<group>"; };
/* End PBXFileReference section */

/* Begin PBXFrameworksBuildPhase section */
		53A4C5262895BC7E00499BB8 /* Frameworks */ = {
			isa = PBXFrameworksBuildPhase;
			buildActionMask = 2147483647;
			files = (
				53E27971289D962D009A538D /* AVKit.framework in Frameworks */,
			);
			runOnlyForDeploymentPostprocessing = 0;
		};
/* End PBXFrameworksBuildPhase section */

/* Begin PBXGroup section */
		532FB7FF289BC0FF009E7DFB /* Sounds */ = {
			isa = PBXGroup;
			children = (
				532FB802289C447C009E7DFB /* pop.mp3 */,
				532FB800289BC124009E7DFB /* moo.mp3 */,
				532FB804289C7FFE009E7DFB /* win.mp3 */,
				53E27972289D9DB1009A538D /* circle.mp3 */,
				53E27974289D9F26009A538D /* xmark.mp3 */,
				53E27978289DADD9009A538D /* lose.mp3 */,
				53E2797A289DC0DF009A538D /* tie1.mp3 */,
				53E2797C289DC1BF009A538D /* tie.mp3 */,
				53E2797E289DC376009A538D /* background.mp3 */,
			);
			path = Sounds;
			sourceTree = "<group>";
		};
		5382000D28B5E58B000EA0E9 /* Views */ = {
			isa = PBXGroup;
			children = (
				532FB7E128978BDC009E7DFB /* MainMenuView.swift */,
				532FB7EB2897AE76009E7DFB /* OnePlayerOptionsView.swift */,
				5382FFFF28B2C696000EA0E9 /* ColorSelectorView.swift */,
				53601DA6289F370800141B50 /* TwoPlayerOptionsView.swift */,
				5382000928B415B4000EA0E9 /* ColorSelectorView2.swift */,
				532FB7F3289A16E1009E7DFB /* GameScreen.swift */,
				532FB7F9289B71FE009E7DFB /* AnimatedCircleView.swift */,
				532FB7FB289B7923009E7DFB /* AnimatedXmarkView.swift */,
			);
			path = Views;
			sourceTree = "<group>";
		};
		5382000F28B5E5BF000EA0E9 /* ViewModel */ = {
			isa = PBXGroup;
			children = (
				5382FFFB28B18AE6000EA0E9 /* MainMenuViewModel.swift */,
				5382FFFD28B29968000EA0E9 /* OnePlayerOptionsViewModel.swift */,
				5382000128B31543000EA0E9 /* TwoPlayerOptionsViewModel.swift */,
				5382001128B5E6C0000EA0E9 /* WinTypes */,
				532FB7CD2895D7E1009E7DFB /* Alerts.swift */,
				53E27976289DABE0009A538D /* BackgroundMusic.swift */,
				532FB7D128962473009E7DFB /* ComputerMoves.swift */,
				532FB7CF289621DC009E7DFB /* WinLoseDrawConditions.swift */,
			);
			path = ViewModel;
			sourceTree = "<group>";
		};
		5382001028B5E5C5000EA0E9 /* Model */ = {
			isa = PBXGroup;
			children = (
				532FB7ED2897B08C009E7DFB /* Setup.swift */,
			);
			path = Model;
			sourceTree = "<group>";
		};
		5382001128B5E6C0000EA0E9 /* WinTypes */ = {
			isa = PBXGroup;
			children = (
				53601D9C289E26B900141B50 /* VerticalWin.swift */,
				53601D9A289E217D00141B50 /* RightDiagonalWin.swift */,
				53601D98289E217300141B50 /* LeftDiagonalWin.swift */,
				53601D92289E1CDD00141B50 /* HorizontalWin.swift */,
			);
			path = WinTypes;
			sourceTree = "<group>";
		};
		53A4C5202895BC7E00499BB8 = {
			isa = PBXGroup;
			children = (
				53A4C52B2895BC7E00499BB8 /* tictactoe */,
				53A4C52A2895BC7E00499BB8 /* Products */,
				53E2796F289D962D009A538D /* Frameworks */,
			);
			sourceTree = "<group>";
		};
		53A4C52A2895BC7E00499BB8 /* Products */ = {
			isa = PBXGroup;
			children = (
				53A4C5292895BC7E00499BB8 /* tictactoe.app */,
			);
			name = Products;
			sourceTree = "<group>";
		};
		53A4C52B2895BC7E00499BB8 /* tictactoe */ = {
			isa = PBXGroup;
			children = (
				53C87CED28A0554B00FC5D40 /* Info.plist */,
				53A4C52C2895BC7E00499BB8 /* tictactoeApp.swift */,
				5382001028B5E5C5000EA0E9 /* Model */,
				5382000D28B5E58B000EA0E9 /* Views */,
				5382000F28B5E5BF000EA0E9 /* ViewModel */,
				53C87CEA28A050D100FC5D40 /* Fonts */,
				532FB7FF289BC0FF009E7DFB /* Sounds */,
				53A4C5302895BC8000499BB8 /* Assets.xcassets */,
				53A4C5322895BC8000499BB8 /* Preview Content */,
			);
			path = tictactoe;
			sourceTree = "<group>";
		};
		53A4C5322895BC8000499BB8 /* Preview Content */ = {
			isa = PBXGroup;
			children = (
				53A4C5332895BC8000499BB8 /* Preview Assets.xcassets */,
			);
			path = "Preview Content";
			sourceTree = "<group>";
		};
		53C87CEA28A050D100FC5D40 /* Fonts */ = {
			isa = PBXGroup;
			children = (
				53C87CEB28A0519900FC5D40 /* GAMERIA.ttf */,
				53C87CEE28A0664500FC5D40 /* Castle-Rock.ttf */,
			);
			path = Fonts;
			sourceTree = "<group>";
		};
		53E2796F289D962D009A538D /* Frameworks */ = {
			isa = PBXGroup;
			children = (
				53E27970289D962D009A538D /* AVKit.framework */,
			);
			name = Frameworks;
			sourceTree = "<group>";
		};
/* End PBXGroup section */

/* Begin PBXNativeTarget section */
		53A4C5282895BC7E00499BB8 /* tictactoe */ = {
			isa = PBXNativeTarget;
			buildConfigurationList = 53A4C5372895BC8000499BB8 /* Build configuration list for PBXNativeTarget "tictactoe" */;
			buildPhases = (
				53A4C5252895BC7E00499BB8 /* Sources */,
				53A4C5262895BC7E00499BB8 /* Frameworks */,
				53A4C5272895BC7E00499BB8 /* Resources */,
			);
			buildRules = (
			);
			dependencies = (
			);
			name = tictactoe;
			productName = tictactoe;
			productReference = 53A4C5292895BC7E00499BB8 /* tictactoe.app */;
			productType = "com.apple.product-type.application";
		};
/* End PBXNativeTarget section */

/* Begin PBXProject section */
		53A4C5212895BC7E00499BB8 /* Project object */ = {
			isa = PBXProject;
			attributes = {
				BuildIndependentTargetsInParallel = 1;
				LastSwiftUpdateCheck = 1340;
				LastUpgradeCheck = 1340;
				TargetAttributes = {
					53A4C5282895BC7E00499BB8 = {
						CreatedOnToolsVersion = 13.4.1;
					};
				};
			};
			buildConfigurationList = 53A4C5242895BC7E00499BB8 /* Build configuration list for PBXProject "tictactoe" */;
			compatibilityVersion = "Xcode 13.0";
			developmentRegion = en;
			hasScannedForEncodings = 0;
			knownRegions = (
				en,
				Base,
			);
			mainGroup = 53A4C5202895BC7E00499BB8;
			productRefGroup = 53A4C52A2895BC7E00499BB8 /* Products */;
			projectDirPath = "";
			projectRoot = "";
			targets = (
				53A4C5282895BC7E00499BB8 /* tictactoe */,
			);
		};
/* End PBXProject section */

/* Begin PBXResourcesBuildPhase section */
		53A4C5272895BC7E00499BB8 /* Resources */ = {
			isa = PBXResourcesBuildPhase;
			buildActionMask = 2147483647;
			files = (
				53E2797B289DC0DF009A538D /* tie1.mp3 in Resources */,
				53C87CEC28A0519900FC5D40 /* GAMERIA.ttf in Resources */,
				53E2797D289DC1BF009A538D /* tie.mp3 in Resources */,
				53E27973289D9DB1009A538D /* circle.mp3 in Resources */,
				53E27979289DADD9009A538D /* lose.mp3 in Resources */,
				532FB805289C7FFE009E7DFB /* win.mp3 in Resources */,
				532FB803289C447C009E7DFB /* pop.mp3 in Resources */,
				532FB801289BC124009E7DFB /* moo.mp3 in Resources */,
				53E2797F289DC376009A538D /* background.mp3 in Resources */,
				53A4C5342895BC8000499BB8 /* Preview Assets.xcassets in Resources */,
				53A4C5312895BC8000499BB8 /* Assets.xcassets in Resources */,
				53E27975289D9F26009A538D /* xmark.mp3 in Resources */,
				53C87CEF28A0664500FC5D40 /* Castle-Rock.ttf in Resources */,
			);
			runOnlyForDeploymentPostprocessing = 0;
		};
/* End PBXResourcesBuildPhase section */

/* Begin PBXSourcesBuildPhase section */
		53A4C5252895BC7E00499BB8 /* Sources */ = {
			isa = PBXSourcesBuildPhase;
			buildActionMask = 2147483647;
			files = (
				5382000228B31543000EA0E9 /* TwoPlayerOptionsViewModel.swift in Sources */,
				53601DA7289F370800141B50 /* TwoPlayerOptionsView.swift in Sources */,
				532FB7E228978BDC009E7DFB /* MainMenuView.swift in Sources */,
				532FB7EC2897AE77009E7DFB /* OnePlayerOptionsView.swift in Sources */,
				53601D93289E1CDD00141B50 /* HorizontalWin.swift in Sources */,
				5382000A28B415B4000EA0E9 /* ColorSelectorView2.swift in Sources */,
				53601D9D289E26B900141B50 /* VerticalWin.swift in Sources */,
				532FB7CE2895D7E1009E7DFB /* Alerts.swift in Sources */,
				532FB7FC289B7923009E7DFB /* AnimatedXmarkView.swift in Sources */,
				5382FFFC28B18AE6000EA0E9 /* MainMenuViewModel.swift in Sources */,
				532FB7FA289B71FE009E7DFB /* AnimatedCircleView.swift in Sources */,
				532FB7F4289A16E1009E7DFB /* GameScreen.swift in Sources */,
				532FB7D0289621DC009E7DFB /* WinLoseDrawConditions.swift in Sources */,
				5382FFFE28B29968000EA0E9 /* OnePlayerOptionsViewModel.swift in Sources */,
				532FB7EE2897B08C009E7DFB /* Setup.swift in Sources */,
				53E27977289DABE0009A538D /* BackgroundMusic.swift in Sources */,
				532FB7D228962473009E7DFB /* ComputerMoves.swift in Sources */,
				53601D99289E217300141B50 /* LeftDiagonalWin.swift in Sources */,
				53601D9B289E217D00141B50 /* RightDiagonalWin.swift in Sources */,
				5382000028B2C696000EA0E9 /* ColorSelectorView.swift in Sources */,
				53A4C52D2895BC7E00499BB8 /* tictactoeApp.swift in Sources */,
			);
			runOnlyForDeploymentPostprocessing = 0;
		};
/* End PBXSourcesBuildPhase section */

/* Begin XCBuildConfiguration section */
		53A4C5352895BC8000499BB8 /* Debug */ = {
			isa = XCBuildConfiguration;
			buildSettings = {
				ALWAYS_SEARCH_USER_PATHS = NO;
				CLANG_ANALYZER_NONNULL = YES;
				CLANG_ANALYZER_NUMBER_OBJECT_CONVERSION = YES_AGGRESSIVE;
				CLANG_CXX_LANGUAGE_STANDARD = "gnu++17";
				CLANG_ENABLE_MODULES = YES;
				CLANG_ENABLE_OBJC_ARC = YES;
				CLANG_ENABLE_OBJC_WEAK = YES;
				CLANG_WARN_BLOCK_CAPTURE_AUTORELEASING = YES;
				CLANG_WARN_BOOL_CONVERSION = YES;
				CLANG_WARN_COMMA = YES;
				CLANG_WARN_CONSTANT_CONVERSION = YES;
				CLANG_WARN_DEPRECATED_OBJC_IMPLEMENTATIONS = YES;
				CLANG_WARN_DIRECT_OBJC_ISA_USAGE = YES_ERROR;
				CLANG_WARN_DOCUMENTATION_COMMENTS = YES;
				CLANG_WARN_EMPTY_BODY = YES;
				CLANG_WARN_ENUM_CONVERSION = YES;
				CLANG_WARN_INFINITE_RECURSION = YES;
				CLANG_WARN_INT_CONVERSION = YES;
				CLANG_WARN_NON_LITERAL_NULL_CONVERSION = YES;
				CLANG_WARN_OBJC_IMPLICIT_RETAIN_SELF = YES;
				CLANG_WARN_OBJC_LITERAL_CONVERSION = YES;
				CLANG_WARN_OBJC_ROOT_CLASS = YES_ERROR;
				CLANG_WARN_QUOTED_INCLUDE_IN_FRAMEWORK_HEADER = YES;
				CLANG_WARN_RANGE_LOOP_ANALYSIS = YES;
				CLANG_WARN_STRICT_PROTOTYPES = YES;
				CLANG_WARN_SUSPICIOUS_MOVE = YES;
				CLANG_WARN_UNGUARDED_AVAILABILITY = YES_AGGRESSIVE;
				CLANG_WARN_UNREACHABLE_CODE = YES;
				CLANG_WARN__DUPLICATE_METHOD_MATCH = YES;
				COPY_PHASE_STRIP = NO;
				DEBUG_INFORMATION_FORMAT = dwarf;
				ENABLE_STRICT_OBJC_MSGSEND = YES;
				ENABLE_TESTABILITY = YES;
				GCC_C_LANGUAGE_STANDARD = gnu11;
				GCC_DYNAMIC_NO_PIC = NO;
				GCC_NO_COMMON_BLOCKS = YES;
				GCC_OPTIMIZATION_LEVEL = 0;
				GCC_PREPROCESSOR_DEFINITIONS = (
					"DEBUG=1",
					"$(inherited)",
				);
				GCC_WARN_64_TO_32_BIT_CONVERSION = YES;
				GCC_WARN_ABOUT_RETURN_TYPE = YES_ERROR;
				GCC_WARN_UNDECLARED_SELECTOR = YES;
				GCC_WARN_UNINITIALIZED_AUTOS = YES_AGGRESSIVE;
				GCC_WARN_UNUSED_FUNCTION = YES;
				GCC_WARN_UNUSED_VARIABLE = YES;
				IPHONEOS_DEPLOYMENT_TARGET = 15.5;
				MTL_ENABLE_DEBUG_INFO = INCLUDE_SOURCE;
				MTL_FAST_MATH = YES;
				ONLY_ACTIVE_ARCH = YES;
				SDKROOT = iphoneos;
				SWIFT_ACTIVE_COMPILATION_CONDITIONS = DEBUG;
				SWIFT_OPTIMIZATION_LEVEL = "-Onone";
			};
			name = Debug;
		};
		53A4C5362895BC8000499BB8 /* Release */ = {
			isa = XCBuildConfiguration;
			buildSettings = {
				ALWAYS_SEARCH_USER_PATHS = NO;
				CLANG_ANALYZER_NONNULL = YES;
				CLANG_ANALYZER_NUMBER_OBJECT_CONVERSION = YES_AGGRESSIVE;
				CLANG_CXX_LANGUAGE_STANDARD = "gnu++17";
				CLANG_ENABLE_MODULES = YES;
				CLANG_ENABLE_OBJC_ARC = YES;
				CLANG_ENABLE_OBJC_WEAK = YES;
				CLANG_WARN_BLOCK_CAPTURE_AUTORELEASING = YES;
				CLANG_WARN_BOOL_CONVERSION = YES;
				CLANG_WARN_COMMA = YES;
				CLANG_WARN_CONSTANT_CONVERSION = YES;
				CLANG_WARN_DEPRECATED_OBJC_IMPLEMENTATIONS = YES;
				CLANG_WARN_DIRECT_OBJC_ISA_USAGE = YES_ERROR;
				CLANG_WARN_DOCUMENTATION_COMMENTS = YES;
				CLANG_WARN_EMPTY_BODY = YES;
				CLANG_WARN_ENUM_CONVERSION = YES;
				CLANG_WARN_INFINITE_RECURSION = YES;
				CLANG_WARN_INT_CONVERSION = YES;
				CLANG_WARN_NON_LITERAL_NULL_CONVERSION = YES;
				CLANG_WARN_OBJC_IMPLICIT_RETAIN_SELF = YES;
				CLANG_WARN_OBJC_LITERAL_CONVERSION = YES;
				CLANG_WARN_OBJC_ROOT_CLASS = YES_ERROR;
				CLANG_WARN_QUOTED_INCLUDE_IN_FRAMEWORK_HEADER = YES;
				CLANG_WARN_RANGE_LOOP_ANALYSIS = YES;
				CLANG_WARN_STRICT_PROTOTYPES = YES;
				CLANG_WARN_SUSPICIOUS_MOVE = YES;
				CLANG_WARN_UNGUARDED_AVAILABILITY = YES_AGGRESSIVE;
				CLANG_WARN_UNREACHABLE_CODE = YES;
				CLANG_WARN__DUPLICATE_METHOD_MATCH = YES;
				COPY_PHASE_STRIP = NO;
				DEBUG_INFORMATION_FORMAT = "dwarf-with-dsym";
				ENABLE_NS_ASSERTIONS = NO;
				ENABLE_STRICT_OBJC_MSGSEND = YES;
				GCC_C_LANGUAGE_STANDARD = gnu11;
				GCC_NO_COMMON_BLOCKS = YES;
				GCC_WARN_64_TO_32_BIT_CONVERSION = YES;
				GCC_WARN_ABOUT_RETURN_TYPE = YES_ERROR;
				GCC_WARN_UNDECLARED_SELECTOR = YES;
				GCC_WARN_UNINITIALIZED_AUTOS = YES_AGGRESSIVE;
				GCC_WARN_UNUSED_FUNCTION = YES;
				GCC_WARN_UNUSED_VARIABLE = YES;
				IPHONEOS_DEPLOYMENT_TARGET = 15.5;
				MTL_ENABLE_DEBUG_INFO = NO;
				MTL_FAST_MATH = YES;
				SDKROOT = iphoneos;
				SWIFT_COMPILATION_MODE = wholemodule;
				SWIFT_OPTIMIZATION_LEVEL = "-O";
				VALIDATE_PRODUCT = YES;
			};
			name = Release;
		};
		53A4C5382895BC8000499BB8 /* Debug */ = {
			isa = XCBuildConfiguration;
			buildSettings = {
				ASSETCATALOG_COMPILER_APPICON_NAME = AppIcon;
				ASSETCATALOG_COMPILER_GLOBAL_ACCENT_COLOR_NAME = AccentColor;
				CODE_SIGN_STYLE = Automatic;
				CURRENT_PROJECT_VERSION = 1;
				DEVELOPMENT_ASSET_PATHS = "\"tictactoe/Preview Content\"";
				DEVELOPMENT_TEAM = L3Q27J9V5R;
				ENABLE_PREVIEWS = YES;
				GENERATE_INFOPLIST_FILE = YES;
				INFOPLIST_FILE = tictactoe/Info.plist;
				INFOPLIST_KEY_CFBundleDisplayName = "Tic Tac Toe";
				INFOPLIST_KEY_UIApplicationSceneManifest_Generation = YES;
				INFOPLIST_KEY_UIApplicationSupportsIndirectInputEvents = YES;
				INFOPLIST_KEY_UILaunchScreen_Generation = YES;
				INFOPLIST_KEY_UISupportedInterfaceOrientations_iPad = "UIInterfaceOrientationPortrait UIInterfaceOrientationPortraitUpsideDown UIInterfaceOrientationLandscapeLeft UIInterfaceOrientationLandscapeRight";
				INFOPLIST_KEY_UISupportedInterfaceOrientations_iPhone = "UIInterfaceOrientationPortrait UIInterfaceOrientationLandscapeLeft UIInterfaceOrientationLandscapeRight";
				LD_RUNPATH_SEARCH_PATHS = (
					"$(inherited)",
					"@executable_path/Frameworks",
				);
				MARKETING_VERSION = 1.0;
				PRODUCT_BUNDLE_IDENTIFIER = "com.landmarks-asidhu.www.tictactoe";
				PRODUCT_NAME = "$(TARGET_NAME)";
				SWIFT_EMIT_LOC_STRINGS = YES;
				SWIFT_VERSION = 5.0;
				TARGETED_DEVICE_FAMILY = "1,2";
			};
			name = Debug;
		};
		53A4C5392895BC8000499BB8 /* Release */ = {
			isa = XCBuildConfiguration;
			buildSettings = {
				ASSETCATALOG_COMPILER_APPICON_NAME = AppIcon;
				ASSETCATALOG_COMPILER_GLOBAL_ACCENT_COLOR_NAME = AccentColor;
				CODE_SIGN_STYLE = Automatic;
				CURRENT_PROJECT_VERSION = 1;
				DEVELOPMENT_ASSET_PATHS = "\"tictactoe/Preview Content\"";
				DEVELOPMENT_TEAM = L3Q27J9V5R;
				ENABLE_PREVIEWS = YES;
				GENERATE_INFOPLIST_FILE = YES;
				INFOPLIST_FILE = tictactoe/Info.plist;
				INFOPLIST_KEY_CFBundleDisplayName = "Tic Tac Toe";
				INFOPLIST_KEY_UIApplicationSceneManifest_Generation = YES;
				INFOPLIST_KEY_UIApplicationSupportsIndirectInputEvents = YES;
				INFOPLIST_KEY_UILaunchScreen_Generation = YES;
				INFOPLIST_KEY_UISupportedInterfaceOrientations_iPad = "UIInterfaceOrientationPortrait UIInterfaceOrientationPortraitUpsideDown UIInterfaceOrientationLandscapeLeft UIInterfaceOrientationLandscapeRight";
				INFOPLIST_KEY_UISupportedInterfaceOrientations_iPhone = "UIInterfaceOrientationPortrait UIInterfaceOrientationLandscapeLeft UIInterfaceOrientationLandscapeRight";
				LD_RUNPATH_SEARCH_PATHS = (
					"$(inherited)",
					"@executable_path/Frameworks",
				);
				MARKETING_VERSION = 1.0;
				PRODUCT_BUNDLE_IDENTIFIER = "com.landmarks-asidhu.www.tictactoe";
				PRODUCT_NAME = "$(TARGET_NAME)";
				SWIFT_EMIT_LOC_STRINGS = YES;
				SWIFT_VERSION = 5.0;
				TARGETED_DEVICE_FAMILY = "1,2";
			};
			name = Release;
		};
/* End XCBuildConfiguration section */

/* Begin XCConfigurationList section */
		53A4C5242895BC7E00499BB8 /* Build configuration list for PBXProject "tictactoe" */ = {
			isa = XCConfigurationList;
			buildConfigurations = (
				53A4C5352895BC8000499BB8 /* Debug */,
				53A4C5362895BC8000499BB8 /* Release */,
			);
			defaultConfigurationIsVisible = 0;
			defaultConfigurationName = Release;
		};
		53A4C5372895BC8000499BB8 /* Build configuration list for PBXNativeTarget "tictactoe" */ = {
			isa = XCConfigurationList;
			buildConfigurations = (
				53A4C5382895BC8000499BB8 /* Debug */,
				53A4C5392895BC8000499BB8 /* Release */,
			);
			defaultConfigurationIsVisible = 0;
			defaultConfigurationName = Release;
		};
/* End XCConfigurationList section */
	};
	rootObject = 53A4C5212895BC7E00499BB8 /* Project object */;
}
